// !$*UTF8*$!
{
	archiveVersion = 1;
	classes = {
	};
	objectVersion = 46;
	objects = {

/* Begin PBXBuildFile section */
		81057C591B6F194A0044777D /* main.m in Sources */ = {isa = PBXBuildFile; fileRef = 81057C581B6F194A0044777D /* main.m */; };
		81057C5C1B6F194A0044777D /* AppDelegate.m in Sources */ = {isa = PBXBuildFile; fileRef = 81057C5B1B6F194A0044777D /* AppDelegate.m */; };
		81057C5F1B6F194A0044777D /* ViewController.m in Sources */ = {isa = PBXBuildFile; fileRef = 81057C5E1B6F194A0044777D /* ViewController.m */; };
		81057C621B6F194A0044777D /* Main.storyboard in Resources */ = {isa = PBXBuildFile; fileRef = 81057C601B6F194A0044777D /* Main.storyboard */; };
		81057C641B6F194A0044777D /* Images.xcassets in Resources */ = {isa = PBXBuildFile; fileRef = 81057C631B6F194A0044777D /* Images.xcassets */; };
		81057C671B6F194A0044777D /* LaunchScreen.xib in Resources */ = {isa = PBXBuildFile; fileRef = 81057C651B6F194A0044777D /* LaunchScreen.xib */; };
		81057C731B6F194A0044777D /* Pic13Tests.m in Sources */ = {isa = PBXBuildFile; fileRef = 81057C721B6F194A0044777D /* Pic13Tests.m */; };
/* End PBXBuildFile section */

/* Begin PBXContainerItemProxy section */
		81057C6D1B6F194A0044777D /* PBXContainerItemProxy */ = {
			isa = PBXContainerItemProxy;
			containerPortal = 81057C4B1B6F19490044777D /* Project object */;
			proxyType = 1;
			remoteGlobalIDString = 81057C521B6F194A0044777D;
			remoteInfo = Pic13;
		};
/* End PBXContainerItemProxy section */

/* Begin PBXFileReference section */
		81057C531B6F194A0044777D /* Pic13.app */ = {isa = PBXFileReference; explicitFileType = wrapper.application; includeInIndex = 0; path = Pic13.app; sourceTree = BUILT_PRODUCTS_DIR; };
		81057C571B6F194A0044777D /* Info.plist */ = {isa = PBXFileReference; lastKnownFileType = text.plist.xml; path = Info.plist; sourceTree = "<group>"; };
		81057C581B6F194A0044777D /* main.m */ = {isa = PBXFileReference; lastKnownFileType = sourcecode.c.objc; path = main.m; sourceTree = "<group>"; };
		81057C5A1B6F194A0044777D /* AppDelegate.h */ = {isa = PBXFileReference; lastKnownFileType = sourcecode.c.h; path = AppDelegate.h; sourceTree = "<group>"; };
		81057C5B1B6F194A0044777D /* AppDelegate.m */ = {isa = PBXFileReference; lastKnownFileType = sourcecode.c.objc; path = AppDelegate.m; sourceTree = "<group>"; };
		81057C5D1B6F194A0044777D /* ViewController.h */ = {isa = PBXFileReference; lastKnownFileType = sourcecode.c.h; path = ViewController.h; sourceTree = "<group>"; };
		81057C5E1B6F194A0044777D /* ViewController.m */ = {isa = PBXFileReference; lastKnownFileType = sourcecode.c.objc; path = ViewController.m; sourceTree = "<group>"; };
		81057C611B6F194A0044777D /* Base */ = {isa = PBXFileReference; lastKnownFileType = file.storyboard; name = Base; path = Base.lproj/Main.storyboard; sourceTree = "<group>"; };
		81057C631B6F194A0044777D /* Images.xcassets */ = {isa = PBXFileReference; lastKnownFileType = folder.assetcatalog; path = Images.xcassets; sourceTree = "<group>"; };
		81057C661B6F194A0044777D /* Base */ = {isa = PBXFileReference; lastKnownFileType = file.xib; name = Base; path = Base.lproj/LaunchScreen.xib; sourceTree = "<group>"; };
		81057C6C1B6F194A0044777D /* Pic13Tests.xctest */ = {isa = PBXFileReference; explicitFileType = wrapper.cfbundle; includeInIndex = 0; path = Pic13Tests.xctest; sourceTree = BUILT_PRODUCTS_DIR; };
		81057C711B6F194A0044777D /* Info.plist */ = {isa = PBXFileReference; lastKnownFileType = text.plist.xml; path = Info.plist; sourceTree = "<group>"; };
		81057C721B6F194A0044777D /* Pic13Tests.m */ = {isa = PBXFileReference; lastKnownFileType = sourcecode.c.objc; path = Pic13Tests.m; sourceTree = "<group>"; };
/* End PBXFileReference section */

/* Begin PBXFrameworksBuildPhase section */
		81057C501B6F194A0044777D /* Frameworks */ = {
			isa = PBXFrameworksBuildPhase;
			buildActionMask = 2147483647;
			files = (
			);
			runOnlyForDeploymentPostprocessing = 0;
		};
		81057C691B6F194A0044777D /* Frameworks */ = {
			isa = PBXFrameworksBuildPhase;
			buildActionMask = 2147483647;
			files = (
			);
			runOnlyForDeploymentPostprocessing = 0;
		};
/* End PBXFrameworksBuildPhase section */

/* Begin PBXGroup section */
		81057C4A1B6F19490044777D = {
			isa = PBXGroup;
			children = (
				81057C551B6F194A0044777D /* Pic13 */,
				81057C6F1B6F194A0044777D /* Pic13Tests */,
				81057C541B6F194A0044777D /* Products */,
			);
			sourceTree = "<group>";
		};
		81057C541B6F194A0044777D /* Products */ = {
			isa = PBXGroup;
			children = (
				81057C531B6F194A0044777D /* Pic13.app */,
				81057C6C1B6F194A0044777D /* Pic13Tests.xctest */,
			);
			name = Products;
			sourceTree = "<group>";
		};
		81057C551B6F194A0044777D /* Pic13 */ = {
			isa = PBXGroup;
			children = (
				81057C5A1B6F194A0044777D /* AppDelegate.h */,
				81057C5B1B6F194A0044777D /* AppDelegate.m */,
				81057C5D1B6F194A0044777D /* ViewController.h */,
				81057C5E1B6F194A0044777D /* ViewController.m */,
				81057C601B6F194A0044777D /* Main.storyboard */,
				81057C631B6F194A0044777D /* Images.xcassets */,
				81057C651B6F194A0044777D /* LaunchScreen.xib */,
				81057C561B6F194A0044777D /* Supporting Files */,
			);
			path = Pic13;
			sourceTree = "<group>";
		};
		81057C561B6F194A0044777D /* Supporting Files */ = {
			isa = PBXGroup;
			children = (
				81057C571B6F194A0044777D /* Info.plist */,
				81057C581B6F194A0044777D /* main.m */,
			);
			name = "Supporting Files";
			sourceTree = "<group>";
		};
		81057C6F1B6F194A0044777D /* Pic13Tests */ = {
			isa = PBXGroup;
			children = (
				81057C721B6F194A0044777D /* Pic13Tests.m */,
				81057C701B6F194A0044777D /* Supporting Files */,
			);
			path = Pic13Tests;
			sourceTree = "<group>";
		};
		81057C701B6F194A0044777D /* Supporting Files */ = {
			isa = PBXGroup;
			children = (
				81057C711B6F194A0044777D /* Info.plist */,
			);
			name = "Supporting Files";
			sourceTree = "<group>";
		};
/* End PBXGroup section */

/* Begin PBXNativeTarget section */
		81057C521B6F194A0044777D /* Pic13 */ = {
			isa = PBXNativeTarget;
			buildConfigurationList = 81057C761B6F194A0044777D /* Build configuration list for PBXNativeTarget "Pic13" */;
			buildPhases = (
				81057C4F1B6F194A0044777D /* Sources */,
				81057C501B6F194A0044777D /* Frameworks */,
				81057C511B6F194A0044777D /* Resources */,
			);
			buildRules = (
			);
			dependencies = (
			);
			name = Pic13;
			productName = Pic13;
			productReference = 81057C531B6F194A0044777D /* Pic13.app */;
			productType = "com.apple.product-type.application";
		};
		81057C6B1B6F194A0044777D /* Pic13Tests */ = {
			isa = PBXNativeTarget;
			buildConfigurationList = 81057C791B6F194A0044777D /* Build configuration list for PBXNativeTarget "Pic13Tests" */;
			buildPhases = (
				81057C681B6F194A0044777D /* Sources */,
				81057C691B6F194A0044777D /* Frameworks */,
				81057C6A1B6F194A0044777D /* Resources */,
			);
			buildRules = (
			);
			dependencies = (
				81057C6E1B6F194A0044777D /* PBXTargetDependency */,
			);
			name = Pic13Tests;
			productName = Pic13Tests;
			productReference = 81057C6C1B6F194A0044777D /* Pic13Tests.xctest */;
			productType = "com.apple.product-type.bundle.unit-test";
		};
/* End PBXNativeTarget section */

/* Begin PBXProject section */
		81057C4B1B6F19490044777D /* Project object */ = {
			isa = PBXProject;
			attributes = {
				LastUpgradeCheck = 0630;
				ORGANIZATIONNAME = pic13;
				TargetAttributes = {
					81057C521B6F194A0044777D = {
						CreatedOnToolsVersion = 6.3.1;
					};
					81057C6B1B6F194A0044777D = {
						CreatedOnToolsVersion = 6.3.1;
						TestTargetID = 81057C521B6F194A0044777D;
					};
				};
			};
			buildConfigurationList = 81057C4E1B6F19490044777D /* Build configuration list for PBXProject "Pic13" */;
			compatibilityVersion = "Xcode 3.2";
			developmentRegion = English;
			hasScannedForEncodings = 0;
			knownRegions = (
				en,
				Base,
			);
			mainGroup = 81057C4A1B6F19490044777D;
			productRefGroup = 81057C541B6F194A0044777D /* Products */;
			projectDirPath = "";
			projectRoot = "";
			targets = (
				81057C521B6F194A0044777D /* Pic13 */,
				81057C6B1B6F194A0044777D /* Pic13Tests */,
			);
		};
/* End PBXProject section */

/* Begin PBXResourcesBuildPhase section */
		81057C511B6F194A0044777D /* Resources */ = {
			isa = PBXResourcesBuildPhase;
			buildActionMask = 2147483647;
			files = (
				81057C621B6F194A0044777D /* Main.storyboard in Resources */,
				81057C671B6F194A0044777D /* LaunchScreen.xib in Resources */,
				81057C641B6F194A0044777D /* Images.xcassets in Resources */,
			);
			runOnlyForDeploymentPostprocessing = 0;
		};
		81057C6A1B6F194A0044777D /* Resources */ = {
			isa = PBXResourcesBuildPhase;
			buildActionMask = 2147483647;
			files = (
			);
			runOnlyForDeploymentPostprocessing = 0;
		};
/* End PBXResourcesBuildPhase section */

/* Begin PBXSourcesBuildPhase section */
		81057C4F1B6F194A0044777D /* Sources */ = {
			isa = PBXSourcesBuildPhase;
			buildActionMask = 2147483647;
			files = (
				81057C5F1B6F194A0044777D /* ViewController.m in Sources */,
				81057C5C1B6F194A0044777D /* AppDelegate.m in Sources */,
				81057C591B6F194A0044777D /* main.m in Sources */,
			);
			runOnlyForDeploymentPostprocessing = 0;
		};
		81057C681B6F194A0044777D /* Sources */ = {
			isa = PBXSourcesBuildPhase;
			buildActionMask = 2147483647;
			files = (
				81057C731B6F194A0044777D /* Pic13Tests.m in Sources */,
			);
			runOnlyForDeploymentPostprocessing = 0;
		};
/* End PBXSourcesBuildPhase section */

/* Begin PBXTargetDependency section */
		81057C6E1B6F194A0044777D /* PBXTargetDependency */ = {
			isa = PBXTargetDependency;
			target = 81057C521B6F194A0044777D /* Pic13 */;
			targetProxy = 81057C6D1B6F194A0044777D /* PBXContainerItemProxy */;
		};
/* End PBXTargetDependency section */

/* Begin PBXVariantGroup section */
		81057C601B6F194A0044777D /* Main.storyboard */ = {
			isa = PBXVariantGroup;
			children = (
				81057C611B6F194A0044777D /* Base */,
			);
			name = Main.storyboard;
			sourceTree = "<group>";
		};
		81057C651B6F194A0044777D /* LaunchScreen.xib */ = {
			isa = PBXVariantGroup;
			children = (
				81057C661B6F194A0044777D /* Base */,
			);
			name = LaunchScreen.xib;
			sourceTree = "<group>";
		};
/* End PBXVariantGroup section */

/* Begin XCBuildConfiguration section */
		81057C741B6F194A0044777D /* Debug */ = {
			isa = XCBuildConfiguration;
			buildSettings = {
				ALWAYS_SEARCH_USER_PATHS = NO;
				CLANG_CXX_LANGUAGE_STANDARD = "gnu++0x";
				CLANG_CXX_LIBRARY = "libc++";
				CLANG_ENABLE_MODULES = YES;
				CLANG_ENABLE_OBJC_ARC = YES;
				CLANG_WARN_BOOL_CONVERSION = YES;
				CLANG_WARN_CONSTANT_CONVERSION = YES;
				CLANG_WARN_DIRECT_OBJC_ISA_USAGE = YES_ERROR;
				CLANG_WARN_EMPTY_BODY = YES;
				CLANG_WARN_ENUM_CONVERSION = YES;
				CLANG_WARN_INT_CONVERSION = YES;
				CLANG_WARN_OBJC_ROOT_CLASS = YES_ERROR;
				CLANG_WARN_UNREACHABLE_CODE = YES;
				CLANG_WARN__DUPLICATE_METHOD_MATCH = YES;
				"CODE_SIGN_IDENTITY[sdk=iphoneos*]" = "iPhone Developer";
				COPY_PHASE_STRIP = NO;
				DEBUG_INFORMATION_FORMAT = "dwarf-with-dsym";
				ENABLE_STRICT_OBJC_MSGSEND = YES;
				GCC_C_LANGUAGE_STANDARD = gnu99;
				GCC_DYNAMIC_NO_PIC = NO;
				GCC_NO_COMMON_BLOCKS = YES;
				GCC_OPTIMIZATION_LEVEL = 0;
				GCC_PREPROCESSOR_DEFINITIONS = (
					"DEBUG=1",
					"$(inherited)",
				);
				GCC_SYMBOLS_PRIVATE_EXTERN = NO;
				GCC_WARN_64_TO_32_BIT_CONVERSION = YES;
				GCC_WARN_ABOUT_RETURN_TYPE = YES_ERROR;
				GCC_WARN_UNDECLARED_SELECTOR = YES;
				GCC_WARN_UNINITIALIZED_AUTOS = YES_AGGRESSIVE;
				GCC_WARN_UNUSED_FUNCTION = YES;
				GCC_WARN_UNUSED_VARIABLE = YES;
				IPHONEOS_DEPLOYMENT_TARGET = 8.3;
				MTL_ENABLE_DEBUG_INFO = YES;
				ONLY_ACTIVE_ARCH = YES;
				SDKROOT = iphoneos;
			};
			name = Debug;
		};
		81057C751B6F194A0044777D /* Release */ = {
			isa = XCBuildConfiguration;
			buildSettings = {
				ALWAYS_SEARCH_USER_PATHS = NO;
				CLANG_CXX_LANGUAGE_STANDARD = "gnu++0x";
				CLANG_CXX_LIBRARY = "libc++";
				CLANG_ENABLE_MODULES = YES;
				CLANG_ENABLE_OBJC_ARC = YES;
				CLANG_WARN_BOOL_CONVERSION = YES;
				CLANG_WARN_CONSTANT_CONVERSION = YES;
				CLANG_WARN_DIRECT_OBJC_ISA_USAGE = YES_ERROR;
				CLANG_WARN_EMPTY_BODY = YES;
				CLANG_WARN_ENUM_CONVERSION = YES;
				CLANG_WARN_INT_CONVERSION = YES;
				CLANG_WARN_OBJC_ROOT_CLASS = YES_ERROR;
				CLANG_WARN_UNREACHABLE_CODE = YES;
				CLANG_WARN__DUPLICATE_METHOD_MATCH = YES;
				"CODE_SIGN_IDENTITY[sdk=iphoneos*]" = "iPhone Developer";
				COPY_PHASE_STRIP = NO;
				DEBUG_INFORMATION_FORMAT = "dwarf-with-dsym";
				ENABLE_NS_ASSERTIONS = NO;
				ENABLE_STRICT_OBJC_MSGSEND = YES;
				GCC_C_LANGUAGE_STANDARD = gnu99;
				GCC_NO_COMMON_BLOCKS = YES;
				GCC_WARN_64_TO_32_BIT_CONVERSION = YES;
				GCC_WARN_ABOUT_RETURN_TYPE = YES_ERROR;
				GCC_WARN_UNDECLARED_SELECTOR = YES;
				GCC_WARN_UNINITIALIZED_AUTOS = YES_AGGRESSIVE;
				GCC_WARN_UNUSED_FUNCTION = YES;
				GCC_WARN_UNUSED_VARIABLE = YES;
				IPHONEOS_DEPLOYMENT_TARGET = 8.3;
				MTL_ENABLE_DEBUG_INFO = NO;
				SDKROOT = iphoneos;
				VALIDATE_PRODUCT = YES;
			};
			name = Release;
		};
		81057C771B6F194A0044777D /* Debug */ = {
			isa = XCBuildConfiguration;
			buildSettings = {
				ASSETCATALOG_COMPILER_APPICON_NAME = AppIcon;
				INFOPLIST_FILE = Pic13/Info.plist;
				LD_RUNPATH_SEARCH_PATHS = "$(inherited) @executable_path/Frameworks";
				PRODUCT_NAME = "$(TARGET_NAME)";
			};
			name = Debug;
		};
		81057C781B6F194A0044777D /* Release */ = {
			isa = XCBuildConfiguration;
			buildSettings = {
				ASSETCATALOG_COMPILER_APPICON_NAME = AppIcon;
				INFOPLIST_FILE = Pic13/Info.plist;
				LD_RUNPATH_SEARCH_PATHS = "$(inherited) @executable_path/Frameworks";
				PRODUCT_NAME = "$(TARGET_NAME)";
			};
			name = Release;
		};
		81057C7A1B6F194A0044777D /* Debug */ = {
			isa = XCBuildConfiguration;
			buildSettings = {
				BUNDLE_LOADER = "$(TEST_HOST)";
				FRAMEWORK_SEARCH_PATHS = (
					"$(SDKROOT)/Developer/Library/Frameworks",
					"$(inherited)",
				);
				GCC_PREPROCESSOR_DEFINITIONS = (
					"DEBUG=1",
					"$(inherited)",
				);
				INFOPLIST_FILE = Pic13Tests/Info.plist;
				LD_RUNPATH_SEARCH_PATHS = "$(inherited) @executable_path/Frameworks @loader_path/Frameworks";
				PRODUCT_NAME = "$(TARGET_NAME)";
				TEST_HOST = "$(BUILT_PRODUCTS_DIR)/Pic13.app/Pic13";
			};
			name = Debug;
		};
		81057C7B1B6F194A0044777D /* Release */ = {
			isa = XCBuildConfiguration;
			buildSettings = {
				BUNDLE_LOADER = "$(TEST_HOST)";
				FRAMEWORK_SEARCH_PATHS = (
					"$(SDKROOT)/Developer/Library/Frameworks",
					"$(inherited)",
				);
				INFOPLIST_FILE = Pic13Tests/Info.plist;
				LD_RUNPATH_SEARCH_PATHS = "$(inherited) @executable_path/Frameworks @loader_path/Frameworks";
				PRODUCT_NAME = "$(TARGET_NAME)";
				TEST_HOST = "$(BUILT_PRODUCTS_DIR)/Pic13.app/Pic13";
			};
			name = Release;
		};
/* End XCBuildConfiguration section */

/* Begin XCConfigurationList section */
		81057C4E1B6F19490044777D /* Build configuration list for PBXProject "Pic13" */ = {
			isa = XCConfigurationList;
			buildConfigurations = (
				81057C741B6F194A0044777D /* Debug */,
				81057C751B6F194A0044777D /* Release */,
			);
			defaultConfigurationIsVisible = 0;
			defaultConfigurationName = Release;
		};
		81057C761B6F194A0044777D /* Build configuration list for PBXNativeTarget "Pic13" */ = {
			isa = XCConfigurationList;
			buildConfigurations = (
				81057C771B6F194A0044777D /* Debug */,
				81057C781B6F194A0044777D /* Release */,
			);
			defaultConfigurationIsVisible = 0;
		};
		81057C791B6F194A0044777D /* Build configuration list for PBXNativeTarget "Pic13Tests" */ = {
			isa = XCConfigurationList;
			buildConfigurations = (
				81057C7A1B6F194A0044777D /* Debug */,
				81057C7B1B6F194A0044777D /* Release */,
			);
			defaultConfigurationIsVisible = 0;
		};
/* End XCConfigurationList section */
	};
	rootObject = 81057C4B1B6F19490044777D /* Project object */;
}
